
Microsoft Visual Studio Solution File, Format Version 11.00
# Visual Studio 2010
Project("{FAE04EC0-301F-11D3-BF4B-00C04F79EFBC}") = "imu-test", "imu-test\imu-test.csproj", "{6CF36D1A-3566-4F12-85D4-331DE1A07CE9}"
EndProject
Project("{FAE04EC0-301F-11D3-BF4B-00C04F79EFBC}") = "DataViewer", "DataViewer\DataViewer.csproj", "{009426D9-E7F7-45E3-A652-27A2A80B3758}"
EndProject
Global
	GlobalSection(SolutionConfigurationPlatforms) = preSolution
		Debug|x86 = Debug|x86
		Release|x86 = Release|x86
	EndGlobalSection
	GlobalSection(ProjectConfigurationPlatforms) = postSolution
		{6CF36D1A-3566-4F12-85D4-331DE1A07CE9}.Debug|x86.ActiveCfg = Debug|x86
		{6CF36D1A-3566-4F12-85D4-331DE1A07CE9}.Debug|x86.Build.0 = Debug|x86
		{6CF36D1A-3566-4F12-85D4-331DE1A07CE9}.Release|x86.ActiveCfg = Release|x86
		{6CF36D1A-3566-4F12-85D4-331DE1A07CE9}.Release|x86.Build.0 = Release|x86
		{009426D9-E7F7-45E3-A652-27A2A80B3758}.Debug|x86.ActiveCfg = Debug|x86
		{009426D9-E7F7-45E3-A652-27A2A80B3758}.Debug|x86.Build.0 = Debug|x86
		{009426D9-E7F7-45E3-A652-27A2A80B3758}.Release|x86.ActiveCfg = Release|x86
		{009426D9-E7F7-45E3-A652-27A2A80B3758}.Release|x86.Build.0 = Release|x86
	EndGlobalSection
	GlobalSection(SolutionProperties) = preSolution
		HideSolutionNode = FALSE
	EndGlobalSection
EndGlobal
